
Microsoft Visual Studio Solution File, Format Version 12.00
# Visual Studio Version 16
VisualStudioVersion = 16.0.30309.148
MinimumVisualStudioVersion = 10.0.40219.1
Project("{FAE04EC0-301F-11D3-BF4B-00C04F79EFBC}") = "PadsShowDemo", "PadsShowDemo.csproj", "{155D7B0C-0189-4BD0-BDFE-5B6C20A8F34D}"
EndProject
Global
	GlobalSection(SolutionConfigurationPlatforms) = preSolution
		Debug|Any CPU = Debug|Any CPU
		Release|Any CPU = Release|Any CPU
	EndGlobalSection
	GlobalSection(ProjectConfigurationPlatforms) = postSolution
		{155D7B0C-0189-4BD0-BDFE-5B6C20A8F34D}.Debug|Any CPU.ActiveCfg = Debug|Any CPU
		{155D7B0C-0189-4BD0-BDFE-5B6C20A8F34D}.Debug|Any CPU.Build.0 = Debug|Any CPU
		{155D7B0C-0189-4BD0-BDFE-5B6C20A8F34D}.Release|Any CPU.ActiveCfg = Release|Any CPU
		{155D7B0C-0189-4BD0-BDFE-5B6C20A8F34D}.Release|Any CPU.Build.0 = Release|Any CPU
	EndGlobalSection
	GlobalSection(SolutionProperties) = preSolution
		HideSolutionNode = FALSE
	EndGlobalSection
	GlobalSection(ExtensibilityGlobals) = postSolution
		SolutionGuid = {BEF40616-D1BA-4304-976A-25816FF98E90}
	EndGlobalSection
EndGlobal
